// !$*UTF8*$!
{
	archiveVersion = 1;
	classes = {
	};
	objectVersion = 52;
	objects = {

/* Begin PBXBuildFile section */
		4F049579260E1B600067D0AB /* CardView.swift in Sources */ = {isa = PBXBuildFile; fileRef = 4F049578260E1B600067D0AB /* CardView.swift */; };
		4F1D3B262613836A0014696C /* CollectionImageViewCell.swift in Sources */ = {isa = PBXBuildFile; fileRef = 4F1D3B252613836A0014696C /* CollectionImageViewCell.swift */; };
		4F260A9F260E6A7600F6FAC7 /* Car.swift in Sources */ = {isa = PBXBuildFile; fileRef = 4F260A9E260E6A7600F6FAC7 /* Car.swift */; };
		4F260AAB260F657300F6FAC7 /* Kingfisher in Frameworks */ = {isa = PBXBuildFile; productRef = 4F260AAA260F657300F6FAC7 /* Kingfisher */; };
		4F260AB1260F76F500F6FAC7 /* CarCell.swift in Sources */ = {isa = PBXBuildFile; fileRef = 4F260AAF260F76F500F6FAC7 /* CarCell.swift */; };
		4F260AB2260F76F500F6FAC7 /* CarCell.xib in Resources */ = {isa = PBXBuildFile; fileRef = 4F260AB0260F76F500F6FAC7 /* CarCell.xib */; };
		4F260ABD260F840F00F6FAC7 /* IntExtensions.swift in Sources */ = {isa = PBXBuildFile; fileRef = 4F260ABC260F840F00F6FAC7 /* IntExtensions.swift */; };
		4F4CEB6826166E74009AA6C6 /* GoogleService-Info.plist in Resources */ = {isa = PBXBuildFile; fileRef = 4F4CEB6726166E74009AA6C6 /* GoogleService-Info.plist */; };
		4F4CEB8B261A1418009AA6C6 /* ViewControllerExtensions.swift in Sources */ = {isa = PBXBuildFile; fileRef = 4F4CEB8A261A1418009AA6C6 /* ViewControllerExtensions.swift */; };
		4F4CEB8E261A1739009AA6C6 /* StringExtensions.swift in Sources */ = {isa = PBXBuildFile; fileRef = 4F4CEB8D261A1739009AA6C6 /* StringExtensions.swift */; };
		4F8699E126112DF80015AF80 /* CarDetailViewController.swift in Sources */ = {isa = PBXBuildFile; fileRef = 4F8699E026112DF70015AF80 /* CarDetailViewController.swift */; };
		4F9FDE8C2616074A00A909F9 /* OrderViewController.swift in Sources */ = {isa = PBXBuildFile; fileRef = 4F9FDE8B2616074A00A909F9 /* OrderViewController.swift */; };
		4FAFC32F260CEC8000CF026A /* AppDelegate.swift in Sources */ = {isa = PBXBuildFile; fileRef = 4FAFC32E260CEC8000CF026A /* AppDelegate.swift */; };
		4FAFC331260CEC8000CF026A /* SceneDelegate.swift in Sources */ = {isa = PBXBuildFile; fileRef = 4FAFC330260CEC8000CF026A /* SceneDelegate.swift */; };
		4FAFC333260CEC8000CF026A /* HomeViewController.swift in Sources */ = {isa = PBXBuildFile; fileRef = 4FAFC332260CEC8000CF026A /* HomeViewController.swift */; };
		4FAFC336260CEC8000CF026A /* Main.storyboard in Resources */ = {isa = PBXBuildFile; fileRef = 4FAFC334260CEC8000CF026A /* Main.storyboard */; };
		4FAFC338260CEC8100CF026A /* Assets.xcassets in Resources */ = {isa = PBXBuildFile; fileRef = 4FAFC337260CEC8100CF026A /* Assets.xcassets */; };
		4FAFC33B260CEC8100CF026A /* LaunchScreen.storyboard in Resources */ = {isa = PBXBuildFile; fileRef = 4FAFC339260CEC8100CF026A /* LaunchScreen.storyboard */; };
		4FAFC344260CEDAD00CF026A /* DemoData.swift in Sources */ = {isa = PBXBuildFile; fileRef = 4FAFC343260CEDAD00CF026A /* DemoData.swift */; };
		4FAFC349260CF0A200CF026A /* ShadowCardView.swift in Sources */ = {isa = PBXBuildFile; fileRef = 4FAFC348260CF0A200CF026A /* ShadowCardView.swift */; };
		4FAFC34C260CF0AB00CF026A /* RoundedButton.swift in Sources */ = {isa = PBXBuildFile; fileRef = 4FAFC34B260CF0AB00CF026A /* RoundedButton.swift */; };
		4FAFC353260E101100CF026A /* LoginViewController.swift in Sources */ = {isa = PBXBuildFile; fileRef = 4FAFC351260E101100CF026A /* LoginViewController.swift */; };
		4FAFC354260E101100CF026A /* LoginViewController.xib in Resources */ = {isa = PBXBuildFile; fileRef = 4FAFC352260E101100CF026A /* LoginViewController.xib */; };
		CA86523F6638A627421FEABD /* Pods_Cardeal.framework in Frameworks */ = {isa = PBXBuildFile; fileRef = DC0F5E423B1112F014778664 /* Pods_Cardeal.framework */; };
/* End PBXBuildFile section */

/* Begin PBXFileReference section */
		4C62F651A1346942AF6A6EB7 /* Pods-Cardeal.release.xcconfig */ = {isa = PBXFileReference; includeInIndex = 1; lastKnownFileType = text.xcconfig; name = "Pods-Cardeal.release.xcconfig"; path = "Target Support Files/Pods-Cardeal/Pods-Cardeal.release.xcconfig"; sourceTree = "<group>"; };
		4F049578260E1B600067D0AB /* CardView.swift */ = {isa = PBXFileReference; fileEncoding = 4; lastKnownFileType = sourcecode.swift; path = CardView.swift; sourceTree = "<group>"; };
		4F1D3B252613836A0014696C /* CollectionImageViewCell.swift */ = {isa = PBXFileReference; lastKnownFileType = sourcecode.swift; path = CollectionImageViewCell.swift; sourceTree = "<group>"; };
		4F260A9E260E6A7600F6FAC7 /* Car.swift */ = {isa = PBXFileReference; lastKnownFileType = sourcecode.swift; path = Car.swift; sourceTree = "<group>"; };
		4F260AAF260F76F500F6FAC7 /* CarCell.swift */ = {isa = PBXFileReference; lastKnownFileType = sourcecode.swift; path = CarCell.swift; sourceTree = "<group>"; };
		4F260AB0260F76F500F6FAC7 /* CarCell.xib */ = {isa = PBXFileReference; lastKnownFileType = file.xib; path = CarCell.xib; sourceTree = "<group>"; };
		4F260ABC260F840F00F6FAC7 /* IntExtensions.swift */ = {isa = PBXFileReference; lastKnownFileType = sourcecode.swift; path = IntExtensions.swift; sourceTree = "<group>"; };
		4F4CEB6726166E74009AA6C6 /* GoogleService-Info.plist */ = {isa = PBXFileReference; fileEncoding = 4; lastKnownFileType = text.plist.xml; path = "GoogleService-Info.plist"; sourceTree = "<group>"; };
		4F4CEB8A261A1418009AA6C6 /* ViewControllerExtensions.swift */ = {isa = PBXFileReference; lastKnownFileType = sourcecode.swift; path = ViewControllerExtensions.swift; sourceTree = "<group>"; };
		4F4CEB8D261A1739009AA6C6 /* StringExtensions.swift */ = {isa = PBXFileReference; lastKnownFileType = sourcecode.swift; path = StringExtensions.swift; sourceTree = "<group>"; };
		4F8699E026112DF70015AF80 /* CarDetailViewController.swift */ = {isa = PBXFileReference; lastKnownFileType = sourcecode.swift; path = CarDetailViewController.swift; sourceTree = "<group>"; };
		4F9FDE8B2616074A00A909F9 /* OrderViewController.swift */ = {isa = PBXFileReference; lastKnownFileType = sourcecode.swift; path = OrderViewController.swift; sourceTree = "<group>"; };
		4FAFC32B260CEC8000CF026A /* Cardeal.app */ = {isa = PBXFileReference; explicitFileType = wrapper.application; includeInIndex = 0; path = Cardeal.app; sourceTree = BUILT_PRODUCTS_DIR; };
		4FAFC32E260CEC8000CF026A /* AppDelegate.swift */ = {isa = PBXFileReference; lastKnownFileType = sourcecode.swift; path = AppDelegate.swift; sourceTree = "<group>"; };
		4FAFC330260CEC8000CF026A /* SceneDelegate.swift */ = {isa = PBXFileReference; lastKnownFileType = sourcecode.swift; path = SceneDelegate.swift; sourceTree = "<group>"; };
		4FAFC332260CEC8000CF026A /* HomeViewController.swift */ = {isa = PBXFileReference; lastKnownFileType = sourcecode.swift; path = HomeViewController.swift; sourceTree = "<group>"; };
		4FAFC335260CEC8000CF026A /* Base */ = {isa = PBXFileReference; lastKnownFileType = file.storyboard; name = Base; path = Base.lproj/Main.storyboard; sourceTree = "<group>"; };
		4FAFC337260CEC8100CF026A /* Assets.xcassets */ = {isa = PBXFileReference; lastKnownFileType = folder.assetcatalog; path = Assets.xcassets; sourceTree = "<group>"; };
		4FAFC33A260CEC8100CF026A /* Base */ = {isa = PBXFileReference; lastKnownFileType = file.storyboard; name = Base; path = Base.lproj/LaunchScreen.storyboard; sourceTree = "<group>"; };
		4FAFC33C260CEC8100CF026A /* Info.plist */ = {isa = PBXFileReference; lastKnownFileType = text.plist.xml; path = Info.plist; sourceTree = "<group>"; };
		4FAFC343260CEDAD00CF026A /* DemoData.swift */ = {isa = PBXFileReference; fileEncoding = 4; lastKnownFileType = sourcecode.swift; path = DemoData.swift; sourceTree = "<group>"; };
		4FAFC348260CF0A200CF026A /* ShadowCardView.swift */ = {isa = PBXFileReference; fileEncoding = 4; lastKnownFileType = sourcecode.swift; path = ShadowCardView.swift; sourceTree = "<group>"; };
		4FAFC34B260CF0AB00CF026A /* RoundedButton.swift */ = {isa = PBXFileReference; fileEncoding = 4; lastKnownFileType = sourcecode.swift; path = RoundedButton.swift; sourceTree = "<group>"; };
		4FAFC351260E101100CF026A /* LoginViewController.swift */ = {isa = PBXFileReference; lastKnownFileType = sourcecode.swift; path = LoginViewController.swift; sourceTree = "<group>"; wrapsLines = 1; };
		4FAFC352260E101100CF026A /* LoginViewController.xib */ = {isa = PBXFileReference; lastKnownFileType = file.xib; path = LoginViewController.xib; sourceTree = "<group>"; };
		6B1CD8BDEC298B9741653BAE /* Pods-Cardeal.debug.xcconfig */ = {isa = PBXFileReference; includeInIndex = 1; lastKnownFileType = text.xcconfig; name = "Pods-Cardeal.debug.xcconfig"; path = "Target Support Files/Pods-Cardeal/Pods-Cardeal.debug.xcconfig"; sourceTree = "<group>"; };
		DC0F5E423B1112F014778664 /* Pods_Cardeal.framework */ = {isa = PBXFileReference; explicitFileType = wrapper.framework; includeInIndex = 0; path = Pods_Cardeal.framework; sourceTree = BUILT_PRODUCTS_DIR; };
/* End PBXFileReference section */

/* Begin PBXFrameworksBuildPhase section */
		4FAFC328260CEC8000CF026A /* Frameworks */ = {
			isa = PBXFrameworksBuildPhase;
			buildActionMask = 2147483647;
			files = (
				4F260AAB260F657300F6FAC7 /* Kingfisher in Frameworks */,
				CA86523F6638A627421FEABD /* Pods_Cardeal.framework in Frameworks */,
			);
			runOnlyForDeploymentPostprocessing = 0;
		};
/* End PBXFrameworksBuildPhase section */

/* Begin PBXGroup section */
		2734160E5928A1A484E44D75 /* Pods */ = {
			isa = PBXGroup;
			children = (
				6B1CD8BDEC298B9741653BAE /* Pods-Cardeal.debug.xcconfig */,
				4C62F651A1346942AF6A6EB7 /* Pods-Cardeal.release.xcconfig */,
			);
			path = Pods;
			sourceTree = "<group>";
		};
		37B1872A458889CAC74DF0F7 /* Frameworks */ = {
			isa = PBXGroup;
			children = (
				DC0F5E423B1112F014778664 /* Pods_Cardeal.framework */,
			);
			name = Frameworks;
			sourceTree = "<group>";
		};
		4F260A9D260E6A3400F6FAC7 /* Model */ = {
			isa = PBXGroup;
			children = (
				4F260A9E260E6A7600F6FAC7 /* Car.swift */,
			);
			path = Model;
			sourceTree = "<group>";
		};
		4F260AA2260E74D500F6FAC7 /* Cells */ = {
			isa = PBXGroup;
			children = (
				4F260AAF260F76F500F6FAC7 /* CarCell.swift */,
				4F260AB0260F76F500F6FAC7 /* CarCell.xib */,
				4F1D3B252613836A0014696C /* CollectionImageViewCell.swift */,
			);
			path = Cells;
			sourceTree = "<group>";
		};
		4F260ABA260F839700F6FAC7 /* Utils */ = {
			isa = PBXGroup;
			children = (
				4F260ABC260F840F00F6FAC7 /* IntExtensions.swift */,
				4F4CEB8D261A1739009AA6C6 /* StringExtensions.swift */,
				4F4CEB8A261A1418009AA6C6 /* ViewControllerExtensions.swift */,
			);
			path = Utils;
			sourceTree = "<group>";
		};
		4FAFC322260CEC8000CF026A = {
			isa = PBXGroup;
			children = (
				4FAFC32D260CEC8000CF026A /* Cardeal */,
				4FAFC32C260CEC8000CF026A /* Products */,
				2734160E5928A1A484E44D75 /* Pods */,
				37B1872A458889CAC74DF0F7 /* Frameworks */,
			);
			sourceTree = "<group>";
		};
		4FAFC32C260CEC8000CF026A /* Products */ = {
			isa = PBXGroup;
			children = (
				4FAFC32B260CEC8000CF026A /* Cardeal.app */,
			);
			name = Products;
			sourceTree = "<group>";
		};
		4FAFC32D260CEC8000CF026A /* Cardeal */ = {
			isa = PBXGroup;
			children = (
				4F260ABA260F839700F6FAC7 /* Utils */,
				4F260AA2260E74D500F6FAC7 /* Cells */,
				4F260A9D260E6A3400F6FAC7 /* Model */,
				4FAFC356260E105E00CF026A /* Login */,
				4FAFC347260CEDE200CF026A /* Reusable Items */,
				4FAFC32E260CEC8000CF026A /* AppDelegate.swift */,
				4FAFC330260CEC8000CF026A /* SceneDelegate.swift */,
				4FAFC332260CEC8000CF026A /* HomeViewController.swift */,
				4FAFC334260CEC8000CF026A /* Main.storyboard */,
				4F8699E026112DF70015AF80 /* CarDetailViewController.swift */,
				4FAFC343260CEDAD00CF026A /* DemoData.swift */,
				4F9FDE8B2616074A00A909F9 /* OrderViewController.swift */,
				4FAFC337260CEC8100CF026A /* Assets.xcassets */,
				4FAFC339260CEC8100CF026A /* LaunchScreen.storyboard */,
				4F4CEB6726166E74009AA6C6 /* GoogleService-Info.plist */,
				4FAFC33C260CEC8100CF026A /* Info.plist */,
			);
			path = Cardeal;
			sourceTree = "<group>";
		};
		4FAFC347260CEDE200CF026A /* Reusable Items */ = {
			isa = PBXGroup;
			children = (
				4FAFC34B260CF0AB00CF026A /* RoundedButton.swift */,
				4F049578260E1B600067D0AB /* CardView.swift */,
				4FAFC348260CF0A200CF026A /* ShadowCardView.swift */,
			);
			path = "Reusable Items";
			sourceTree = "<group>";
		};
		4FAFC356260E105E00CF026A /* Login */ = {
			isa = PBXGroup;
			children = (
				4FAFC351260E101100CF026A /* LoginViewController.swift */,
				4FAFC352260E101100CF026A /* LoginViewController.xib */,
			);
			path = Login;
			sourceTree = "<group>";
		};
/* End PBXGroup section */

/* Begin PBXNativeTarget section */
		4FAFC32A260CEC8000CF026A /* Cardeal */ = {
			isa = PBXNativeTarget;
			buildConfigurationList = 4FAFC33F260CEC8100CF026A /* Build configuration list for PBXNativeTarget "Cardeal" */;
			buildPhases = (
				987B01D55B73A5DA832E7131 /* [CP] Check Pods Manifest.lock */,
				4FAFC327260CEC8000CF026A /* Sources */,
				4FAFC328260CEC8000CF026A /* Frameworks */,
				4FAFC329260CEC8000CF026A /* Resources */,
				B1092A8DF54F2AB904C5482F /* [CP] Embed Pods Frameworks */,
			);
			buildRules = (
			);
			dependencies = (
			);
			name = Cardeal;
			packageProductDependencies = (
				4F260AAA260F657300F6FAC7 /* Kingfisher */,
			);
			productName = Cardeal;
			productReference = 4FAFC32B260CEC8000CF026A /* Cardeal.app */;
			productType = "com.apple.product-type.application";
		};
/* End PBXNativeTarget section */

/* Begin PBXProject section */
		4FAFC323260CEC8000CF026A /* Project object */ = {
			isa = PBXProject;
			attributes = {
				LastSwiftUpdateCheck = 1240;
				LastUpgradeCheck = 1240;
				TargetAttributes = {
					4FAFC32A260CEC8000CF026A = {
						CreatedOnToolsVersion = 12.4;
					};
				};
			};
			buildConfigurationList = 4FAFC326260CEC8000CF026A /* Build configuration list for PBXProject "Cardeal" */;
			compatibilityVersion = "Xcode 9.3";
			developmentRegion = en;
			hasScannedForEncodings = 0;
			knownRegions = (
				en,
				Base,
			);
			mainGroup = 4FAFC322260CEC8000CF026A;
			packageReferences = (
				4F260AA9260F657300F6FAC7 /* XCRemoteSwiftPackageReference "Kingfisher" */,
			);
			productRefGroup = 4FAFC32C260CEC8000CF026A /* Products */;
			projectDirPath = "";
			projectRoot = "";
			targets = (
				4FAFC32A260CEC8000CF026A /* Cardeal */,
			);
		};
/* End PBXProject section */

/* Begin PBXResourcesBuildPhase section */
		4FAFC329260CEC8000CF026A /* Resources */ = {
			isa = PBXResourcesBuildPhase;
			buildActionMask = 2147483647;
			files = (
				4FAFC354260E101100CF026A /* LoginViewController.xib in Resources */,
				4FAFC33B260CEC8100CF026A /* LaunchScreen.storyboard in Resources */,
				4FAFC338260CEC8100CF026A /* Assets.xcassets in Resources */,
				4F260AB2260F76F500F6FAC7 /* CarCell.xib in Resources */,
				4FAFC336260CEC8000CF026A /* Main.storyboard in Resources */,
				4F4CEB6826166E74009AA6C6 /* GoogleService-Info.plist in Resources */,
			);
			runOnlyForDeploymentPostprocessing = 0;
		};
/* End PBXResourcesBuildPhase section */

/* Begin PBXShellScriptBuildPhase section */
		987B01D55B73A5DA832E7131 /* [CP] Check Pods Manifest.lock */ = {
			isa = PBXShellScriptBuildPhase;
			buildActionMask = 2147483647;
			files = (
			);
			inputFileListPaths = (
			);
			inputPaths = (
				"${PODS_PODFILE_DIR_PATH}/Podfile.lock",
				"${PODS_ROOT}/Manifest.lock",
			);
			name = "[CP] Check Pods Manifest.lock";
			outputFileListPaths = (
			);
			outputPaths = (
				"$(DERIVED_FILE_DIR)/Pods-Cardeal-checkManifestLockResult.txt",
			);
			runOnlyForDeploymentPostprocessing = 0;
			shellPath = /bin/sh;
			shellScript = "diff \"${PODS_PODFILE_DIR_PATH}/Podfile.lock\" \"${PODS_ROOT}/Manifest.lock\" > /dev/null\nif [ $? != 0 ] ; then\n    # print error to STDERR\n    echo \"error: The sandbox is not in sync with the Podfile.lock. Run 'pod install' or update your CocoaPods installation.\" >&2\n    exit 1\nfi\n# This output is used by Xcode 'outputs' to avoid re-running this script phase.\necho \"SUCCESS\" > \"${SCRIPT_OUTPUT_FILE_0}\"\n";
			showEnvVarsInLog = 0;
		};
		B1092A8DF54F2AB904C5482F /* [CP] Embed Pods Frameworks */ = {
			isa = PBXShellScriptBuildPhase;
			buildActionMask = 2147483647;
			files = (
			);
			inputFileListPaths = (
				"${PODS_ROOT}/Target Support Files/Pods-Cardeal/Pods-Cardeal-frameworks-${CONFIGURATION}-input-files.xcfilelist",
			);
			name = "[CP] Embed Pods Frameworks";
			outputFileListPaths = (
				"${PODS_ROOT}/Target Support Files/Pods-Cardeal/Pods-Cardeal-frameworks-${CONFIGURATION}-output-files.xcfilelist",
			);
			runOnlyForDeploymentPostprocessing = 0;
			shellPath = /bin/sh;
			shellScript = "\"${PODS_ROOT}/Target Support Files/Pods-Cardeal/Pods-Cardeal-frameworks.sh\"\n";
			showEnvVarsInLog = 0;
		};
/* End PBXShellScriptBuildPhase section */

/* Begin PBXSourcesBuildPhase section */
		4FAFC327260CEC8000CF026A /* Sources */ = {
			isa = PBXSourcesBuildPhase;
			buildActionMask = 2147483647;
			files = (
				4FAFC344260CEDAD00CF026A /* DemoData.swift in Sources */,
				4F1D3B262613836A0014696C /* CollectionImageViewCell.swift in Sources */,
				4FAFC34C260CF0AB00CF026A /* RoundedButton.swift in Sources */,
				4F9FDE8C2616074A00A909F9 /* OrderViewController.swift in Sources */,
				4FAFC349260CF0A200CF026A /* ShadowCardView.swift in Sources */,
				4FAFC353260E101100CF026A /* LoginViewController.swift in Sources */,
				4F260ABD260F840F00F6FAC7 /* IntExtensions.swift in Sources */,
				4F260AB1260F76F500F6FAC7 /* CarCell.swift in Sources */,
				4F4CEB8E261A1739009AA6C6 /* StringExtensions.swift in Sources */,
				4FAFC333260CEC8000CF026A /* HomeViewController.swift in Sources */,
				4F260A9F260E6A7600F6FAC7 /* Car.swift in Sources */,
				4F8699E126112DF80015AF80 /* CarDetailViewController.swift in Sources */,
				4FAFC32F260CEC8000CF026A /* AppDelegate.swift in Sources */,
				4F049579260E1B600067D0AB /* CardView.swift in Sources */,
				4F4CEB8B261A1418009AA6C6 /* ViewControllerExtensions.swift in Sources */,
				4FAFC331260CEC8000CF026A /* SceneDelegate.swift in Sources */,
			);
			runOnlyForDeploymentPostprocessing = 0;
		};
/* End PBXSourcesBuildPhase section */

/* Begin PBXVariantGroup section */
		4FAFC334260CEC8000CF026A /* Main.storyboard */ = {
			isa = PBXVariantGroup;
			children = (
				4FAFC335260CEC8000CF026A /* Base */,
			);
			name = Main.storyboard;
			sourceTree = "<group>";
		};
		4FAFC339260CEC8100CF026A /* LaunchScreen.storyboard */ = {
			isa = PBXVariantGroup;
			children = (
				4FAFC33A260CEC8100CF026A /* Base */,
			);
			name = LaunchScreen.storyboard;
			sourceTree = "<group>";
		};
/* End PBXVariantGroup section */

/* Begin XCBuildConfiguration section */
		4FAFC33D260CEC8100CF026A /* Debug */ = {
			isa = XCBuildConfiguration;
			buildSettings = {
				ALWAYS_SEARCH_USER_PATHS = NO;
				CLANG_ANALYZER_NONNULL = YES;
				CLANG_ANALYZER_NUMBER_OBJECT_CONVERSION = YES_AGGRESSIVE;
				CLANG_CXX_LANGUAGE_STANDARD = "gnu++14";
				CLANG_CXX_LIBRARY = "libc++";
				CLANG_ENABLE_MODULES = YES;
				CLANG_ENABLE_OBJC_ARC = YES;
				CLANG_ENABLE_OBJC_WEAK = YES;
				CLANG_WARN_BLOCK_CAPTURE_AUTORELEASING = YES;
				CLANG_WARN_BOOL_CONVERSION = YES;
				CLANG_WARN_COMMA = YES;
				CLANG_WARN_CONSTANT_CONVERSION = YES;
				CLANG_WARN_DEPRECATED_OBJC_IMPLEMENTATIONS = YES;
				CLANG_WARN_DIRECT_OBJC_ISA_USAGE = YES_ERROR;
				CLANG_WARN_DOCUMENTATION_COMMENTS = YES;
				CLANG_WARN_EMPTY_BODY = YES;
				CLANG_WARN_ENUM_CONVERSION = YES;
				CLANG_WARN_INFINITE_RECURSION = YES;
				CLANG_WARN_INT_CONVERSION = YES;
				CLANG_WARN_NON_LITERAL_NULL_CONVERSION = YES;
				CLANG_WARN_OBJC_IMPLICIT_RETAIN_SELF = YES;
				CLANG_WARN_OBJC_LITERAL_CONVERSION = YES;
				CLANG_WARN_OBJC_ROOT_CLASS = YES_ERROR;
				CLANG_WARN_QUOTED_INCLUDE_IN_FRAMEWORK_HEADER = YES;
				CLANG_WARN_RANGE_LOOP_ANALYSIS = YES;
				CLANG_WARN_STRICT_PROTOTYPES = YES;
				CLANG_WARN_SUSPICIOUS_MOVE = YES;
				CLANG_WARN_UNGUARDED_AVAILABILITY = YES_AGGRESSIVE;
				CLANG_WARN_UNREACHABLE_CODE = YES;
				CLANG_WARN__DUPLICATE_METHOD_MATCH = YES;
				COPY_PHASE_STRIP = NO;
				DEBUG_INFORMATION_FORMAT = dwarf;
				ENABLE_STRICT_OBJC_MSGSEND = YES;
				ENABLE_TESTABILITY = YES;
				GCC_C_LANGUAGE_STANDARD = gnu11;
				GCC_DYNAMIC_NO_PIC = NO;
				GCC_NO_COMMON_BLOCKS = YES;
				GCC_OPTIMIZATION_LEVEL = 0;
				GCC_PREPROCESSOR_DEFINITIONS = (
					"DEBUG=1",
					"$(inherited)",
				);
				GCC_WARN_64_TO_32_BIT_CONVERSION = YES;
				GCC_WARN_ABOUT_RETURN_TYPE = YES_ERROR;
				GCC_WARN_UNDECLARED_SELECTOR = YES;
				GCC_WARN_UNINITIALIZED_AUTOS = YES_AGGRESSIVE;
				GCC_WARN_UNUSED_FUNCTION = YES;
				GCC_WARN_UNUSED_VARIABLE = YES;
				IPHONEOS_DEPLOYMENT_TARGET = 13.0;
				MTL_ENABLE_DEBUG_INFO = INCLUDE_SOURCE;
				MTL_FAST_MATH = YES;
				ONLY_ACTIVE_ARCH = YES;
				SDKROOT = iphoneos;
				SUPPORTED_PLATFORMS = "iphonesimulator iphoneos";
				SWIFT_ACTIVE_COMPILATION_CONDITIONS = DEBUG;
				SWIFT_OPTIMIZATION_LEVEL = "-Onone";
			};
			name = Debug;
		};
		4FAFC33E260CEC8100CF026A /* Release */ = {
			isa = XCBuildConfiguration;
			buildSettings = {
				ALWAYS_SEARCH_USER_PATHS = NO;
				CLANG_ANALYZER_NONNULL = YES;
				CLANG_ANALYZER_NUMBER_OBJECT_CONVERSION = YES_AGGRESSIVE;
				CLANG_CXX_LANGUAGE_STANDARD = "gnu++14";
				CLANG_CXX_LIBRARY = "libc++";
				CLANG_ENABLE_MODULES = YES;
				CLANG_ENABLE_OBJC_ARC = YES;
				CLANG_ENABLE_OBJC_WEAK = YES;
				CLANG_WARN_BLOCK_CAPTURE_AUTORELEASING = YES;
				CLANG_WARN_BOOL_CONVERSION = YES;
				CLANG_WARN_COMMA = YES;
				CLANG_WARN_CONSTANT_CONVERSION = YES;
				CLANG_WARN_DEPRECATED_OBJC_IMPLEMENTATIONS = YES;
				CLANG_WARN_DIRECT_OBJC_ISA_USAGE = YES_ERROR;
				CLANG_WARN_DOCUMENTATION_COMMENTS = YES;
				CLANG_WARN_EMPTY_BODY = YES;
				CLANG_WARN_ENUM_CONVERSION = YES;
				CLANG_WARN_INFINITE_RECURSION = YES;
				CLANG_WARN_INT_CONVERSION = YES;
				CLANG_WARN_NON_LITERAL_NULL_CONVERSION = YES;
				CLANG_WARN_OBJC_IMPLICIT_RETAIN_SELF = YES;
				CLANG_WARN_OBJC_LITERAL_CONVERSION = YES;
				CLANG_WARN_OBJC_ROOT_CLASS = YES_ERROR;
				CLANG_WARN_QUOTED_INCLUDE_IN_FRAMEWORK_HEADER = YES;
				CLANG_WARN_RANGE_LOOP_ANALYSIS = YES;
				CLANG_WARN_STRICT_PROTOTYPES = YES;
				CLANG_WARN_SUSPICIOUS_MOVE = YES;
				CLANG_WARN_UNGUARDED_AVAILABILITY = YES_AGGRESSIVE;
				CLANG_WARN_UNREACHABLE_CODE = YES;
				CLANG_WARN__DUPLICATE_METHOD_MATCH = YES;
				COPY_PHASE_STRIP = NO;
				DEBUG_INFORMATION_FORMAT = "dwarf-with-dsym";
				ENABLE_NS_ASSERTIONS = NO;
				ENABLE_STRICT_OBJC_MSGSEND = YES;
				GCC_C_LANGUAGE_STANDARD = gnu11;
				GCC_NO_COMMON_BLOCKS = YES;
				GCC_WARN_64_TO_32_BIT_CONVERSION = YES;
				GCC_WARN_ABOUT_RETURN_TYPE = YES_ERROR;
				GCC_WARN_UNDECLARED_SELECTOR = YES;
				GCC_WARN_UNINITIALIZED_AUTOS = YES_AGGRESSIVE;
				GCC_WARN_UNUSED_FUNCTION = YES;
				GCC_WARN_UNUSED_VARIABLE = YES;
				IPHONEOS_DEPLOYMENT_TARGET = 13.0;
				MTL_ENABLE_DEBUG_INFO = NO;
				MTL_FAST_MATH = YES;
				ONLY_ACTIVE_ARCH = YES;
				SDKROOT = iphoneos;
				SUPPORTED_PLATFORMS = "iphonesimulator iphoneos";
				SWIFT_COMPILATION_MODE = wholemodule;
				SWIFT_OPTIMIZATION_LEVEL = "-O";
				VALIDATE_PRODUCT = YES;
			};
			name = Release;
		};
		4FAFC340260CEC8100CF026A /* Debug */ = {
			isa = XCBuildConfiguration;
			baseConfigurationReference = 6B1CD8BDEC298B9741653BAE /* Pods-Cardeal.debug.xcconfig */;
			buildSettings = {
				ASSETCATALOG_COMPILER_APPICON_NAME = AppIcon;
				ASSETCATALOG_COMPILER_GLOBAL_ACCENT_COLOR_NAME = AccentColor;
				CODE_SIGN_STYLE = Automatic;
				DEVELOPMENT_TEAM = 7XZ63K3C53;
				INFOPLIST_FILE = Cardeal/Info.plist;
				LD_RUNPATH_SEARCH_PATHS = (
					"$(inherited)",
					"@executable_path/Frameworks",
				);
				PRODUCT_BUNDLE_IDENTIFIER = com.zhousenyeliu.Cardeal;
				PRODUCT_NAME = "$(TARGET_NAME)";
				SWIFT_VERSION = 5.0;
				TARGETED_DEVICE_FAMILY = "1,2";
			};
			name = Debug;
		};
		4FAFC341260CEC8100CF026A /* Release */ = {
			isa = XCBuildConfiguration;
			baseConfigurationReference = 4C62F651A1346942AF6A6EB7 /* Pods-Cardeal.release.xcconfig */;
			buildSettings = {
				ASSETCATALOG_COMPILER_APPICON_NAME = AppIcon;
				ASSETCATALOG_COMPILER_GLOBAL_ACCENT_COLOR_NAME = AccentColor;
				CODE_SIGN_STYLE = Automatic;
				DEVELOPMENT_TEAM = 7XZ63K3C53;
				INFOPLIST_FILE = Cardeal/Info.plist;
				LD_RUNPATH_SEARCH_PATHS = (
					"$(inherited)",
					"@executable_path/Frameworks",
				);
				PRODUCT_BUNDLE_IDENTIFIER = com.zhousenyeliu.Cardeal;
				PRODUCT_NAME = "$(TARGET_NAME)";
				SWIFT_VERSION = 5.0;
				TARGETED_DEVICE_FAMILY = "1,2";
			};
			name = Release;
		};
/* End XCBuildConfiguration section */

/* Begin XCConfigurationList section */
		4FAFC326260CEC8000CF026A /* Build configuration list for PBXProject "Cardeal" */ = {
			isa = XCConfigurationList;
			buildConfigurations = (
				4FAFC33D260CEC8100CF026A /* Debug */,
				4FAFC33E260CEC8100CF026A /* Release */,
			);
			defaultConfigurationIsVisible = 0;
			defaultConfigurationName = Release;
		};
		4FAFC33F260CEC8100CF026A /* Build configuration list for PBXNativeTarget "Cardeal" */ = {
			isa = XCConfigurationList;
			buildConfigurations = (
				4FAFC340260CEC8100CF026A /* Debug */,
				4FAFC341260CEC8100CF026A /* Release */,
			);
			defaultConfigurationIsVisible = 0;
			defaultConfigurationName = Release;
		};
/* End XCConfigurationList section */

/* Begin XCRemoteSwiftPackageReference section */
		4F260AA9260F657300F6FAC7 /* XCRemoteSwiftPackageReference "Kingfisher" */ = {
			isa = XCRemoteSwiftPackageReference;
			repositoryURL = "https://github.com/onevcat/Kingfisher.git";
			requirement = {
				kind = upToNextMajorVersion;
				minimumVersion = 6.2.1;
			};
		};
/* End XCRemoteSwiftPackageReference section */

/* Begin XCSwiftPackageProductDependency section */
		4F260AAA260F657300F6FAC7 /* Kingfisher */ = {
			isa = XCSwiftPackageProductDependency;
			package = 4F260AA9260F657300F6FAC7 /* XCRemoteSwiftPackageReference "Kingfisher" */;
			productName = Kingfisher;
		};
/* End XCSwiftPackageProductDependency section */
	};
	rootObject = 4FAFC323260CEC8000CF026A /* Project object */;
}
